
Microsoft Visual Studio Solution File, Format Version 12.00
# Visual Studio 15
VisualStudioVersion = 15.0.28307.1259
MinimumVisualStudioVersion = 10.0.40219.1
Project("{FAE04EC0-301F-11D3-BF4B-00C04F79EFBC}") = "PjSipWrapper", "PjSipWrapper\PjSipWrapper.csproj", "{9D3A45CA-3983-4398-A68C-6BF43948B762}"
EndProject
Project("{FAE04EC0-301F-11D3-BF4B-00C04F79EFBC}") = "PjSipDllTester", "PjSipDllTester\PjSipDllTester.csproj", "{6A044C1A-5CEC-459B-9ABD-8666A367D78D}"
EndProject
Global
	GlobalSection(SolutionConfigurationPlatforms) = preSolution
		Debug|Any CPU = Debug|Any CPU
		Release|Any CPU = Release|Any CPU
	EndGlobalSection
	GlobalSection(ProjectConfigurationPlatforms) = postSolution
		{9D3A45CA-3983-4398-A68C-6BF43948B762}.Debug|Any CPU.ActiveCfg = Debug|Any CPU
		{9D3A45CA-3983-4398-A68C-6BF43948B762}.Debug|Any CPU.Build.0 = Debug|Any CPU
		{9D3A45CA-3983-4398-A68C-6BF43948B762}.Release|Any CPU.ActiveCfg = Release|Any CPU
		{9D3A45CA-3983-4398-A68C-6BF43948B762}.Release|Any CPU.Build.0 = Release|Any CPU
		{6A044C1A-5CEC-459B-9ABD-8666A367D78D}.Debug|Any CPU.ActiveCfg = Debug|Any CPU
		{6A044C1A-5CEC-459B-9ABD-8666A367D78D}.Debug|Any CPU.Build.0 = Debug|Any CPU
		{6A044C1A-5CEC-459B-9ABD-8666A367D78D}.Release|Any CPU.ActiveCfg = Release|Any CPU
		{6A044C1A-5CEC-459B-9ABD-8666A367D78D}.Release|Any CPU.Build.0 = Release|Any CPU
	EndGlobalSection
	GlobalSection(SolutionProperties) = preSolution
		HideSolutionNode = FALSE
	EndGlobalSection
	GlobalSection(ExtensibilityGlobals) = postSolution
		SolutionGuid = {D1A5E5F2-6A87-4535-B0EA-1B2FD8952E5F}
	EndGlobalSection
EndGlobal
